{
  "pins" : [
    {
      "identity" : "iqkeyboardmanager",
      "kind" : "remoteSourceControl",
      "location" : "https://github.com/hackiftekhar/IQKeyboardManager.git",
      "state" : {
        "branch" : "master",
        "revision" : "9ab144a1a6c6ae8dad25840610c072709b15d8b5"
      }
    },
    {
      "identity" : "swiftyjson",
      "kind" : "remoteSourceControl",
      "location" : "https://github.com/SwiftyJSON/SwiftyJSON.git",
      "state" : {
        "revision" : "b3dcd7dbd0d488e1a7077cb33b00f2083e382f07",
        "version" : "5.0.1"
      }
    },
    {
      "identity" : "toaster",
      "kind" : "remoteSourceControl",
      "location" : "https://github.com/devxoul/Toaster.git",
      "state" : {
        "branch" : "master",
        "revision" : "a5aacb802cc6c243c3283899529a11f7b0f2ab53"
      }
    }
  ],
  "version" : 2
}
